PODS:
  - NRWViewLib (0.1.5):
    - NRWViewLib/NRWCategory (= 0.1.5)
    - NRWViewLib/NRWCustomView (= 0.1.5)
    - NRWViewLib/NRWUIKit (= 0.1.5)
    - NRWViewLib/NRWUtil (= 0.1.5)
  - NRWViewLib/NRWCategory (0.1.5)
  - NRWViewLib/NRWCustomView (0.1.5):
    - NRWViewLib/NRWCategory
    - NRWViewLib/NRWUtil
  - NRWViewLib/NRWUIKit (0.1.5)
  - NRWViewLib/NRWUtil (0.1.5)

DEPENDENCIES:
  - NRWViewLib (from `../`)

EXTERNAL SOURCES:
  NRWViewLib:
    :path: "../"

SPEC CHECKSUMS:
  NRWViewLib: db69e54f21d172e69bc46b7a0951ca88b98d7acf

PODFILE CHECKSUM: 45ca30b1408e4ff160d0a2b1229c3494cf3666d2

COCOAPODS: 1.5.3
