PODS:
  - NRWViewLib (0.1.9):
    - NRWViewLib/NRWViewLib (= 0.1.9)
  - NRWViewLib/NRWViewLib (0.1.9)

DEPENDENCIES:
  - NRWViewLib (from `../`)

EXTERNAL SOURCES:
  NRWViewLib:
    :path: "../"

SPEC CHECKSUMS:
  NRWViewLib: 8f71a8399d3051c40f146a2cfd53a839d8dcff36

PODFILE CHECKSUM: 45ca30b1408e4ff160d0a2b1229c3494cf3666d2

COCOAPODS: 1.5.3
