PODS:
  - NRWViewLib (0.1.7):
    - NRWViewLib/NRWCategory (= 0.1.7)
    - NRWViewLib/NRWUIKit (= 0.1.7)
  - NRWViewLib/NRWCategory (0.1.7)
  - NRWViewLib/NRWUIKit (0.1.7)

DEPENDENCIES:
  - NRWViewLib (from `../`)

EXTERNAL SOURCES:
  NRWViewLib:
    :path: "../"

SPEC CHECKSUMS:
  NRWViewLib: 5cf6aad5e2d545ca947dd84b6d3c2b06beb2de04

PODFILE CHECKSUM: 45ca30b1408e4ff160d0a2b1229c3494cf3666d2

COCOAPODS: 1.5.3
